
Microsoft Visual Studio Solution File, Format Version 12.00
# Visual Studio Version 17
VisualStudioVersion = 17.2.32630.192
MinimumVisualStudioVersion = 10.0.40219.1
Project("{9A19103F-16F7-4668-BE54-9A1E7A4F7556}") = "b.Mvvm.Prism", "src\b.Mvvm.Prism\b.Mvvm.Prism.csproj", "{FD974C4D-E0D7-4907-BD47-9B66B3EC98E8}"
EndProject
Project("{9A19103F-16F7-4668-BE54-9A1E7A4F7556}") = "b.Mvvm.Prism.Tests", "src\b.Mvvm.Prism.Tests\b.Mvvm.Prism.Tests.csproj", "{575E1097-E542-480F-B5DC-291FCE4E56B6}"
EndProject
Global
	GlobalSection(SolutionConfigurationPlatforms) = preSolution
		Debug|Any CPU = Debug|Any CPU
		Release|Any CPU = Release|Any CPU
	EndGlobalSection
	GlobalSection(ProjectConfigurationPlatforms) = postSolution
		{FD974C4D-E0D7-4907-BD47-9B66B3EC98E8}.Debug|Any CPU.ActiveCfg = Debug|Any CPU
		{FD974C4D-E0D7-4907-BD47-9B66B3EC98E8}.Debug|Any CPU.Build.0 = Debug|Any CPU
		{FD974C4D-E0D7-4907-BD47-9B66B3EC98E8}.Release|Any CPU.ActiveCfg = Release|Any CPU
		{FD974C4D-E0D7-4907-BD47-9B66B3EC98E8}.Release|Any CPU.Build.0 = Release|Any CPU
		{575E1097-E542-480F-B5DC-291FCE4E56B6}.Debug|Any CPU.ActiveCfg = Debug|Any CPU
		{575E1097-E542-480F-B5DC-291FCE4E56B6}.Debug|Any CPU.Build.0 = Debug|Any CPU
		{575E1097-E542-480F-B5DC-291FCE4E56B6}.Release|Any CPU.ActiveCfg = Release|Any CPU
		{575E1097-E542-480F-B5DC-291FCE4E56B6}.Release|Any CPU.Build.0 = Release|Any CPU
	EndGlobalSection
	GlobalSection(SolutionProperties) = preSolution
		HideSolutionNode = FALSE
	EndGlobalSection
	GlobalSection(ExtensibilityGlobals) = postSolution
		SolutionGuid = {04A29590-BBAA-4916-B518-F699EF5BE759}
	EndGlobalSection
EndGlobal
